// !$*UTF8*$!
{
	archiveVersion = 1;
	classes = {
	};
	objectVersion = 77;
	objects = {

/* Begin PBXBuildFile section */
		BCB7BB4A2FBC788A00E292C1 /* Lobster_1.3.otf in Resources */ = {isa = PBXBuildFile; fileRef = BCB7BB472FBC788A00E292C1 /* Lobster_1.3.otf */; };
		BCB7BB4B2FBC788A00E292C1 /* Quicksand-Bold.otf in Resources */ = {isa = PBXBuildFile; fileRef = BCB7BB482FBC788A00E292C1 /* Quicksand-Bold.otf */; };
		BCB7BB4C2FBC788A00E292C1 /* Quicksand-Regular.otf in Resources */ = {isa = PBXBuildFile; fileRef = BCB7BB492FBC788A00E292C1 /* Quicksand-Regular.otf */; };
/* End PBXBuildFile section */

/* Begin PBXContainerItemProxy section */
		BCEE4D3A2FB8E1850055C5D0 /* PBXContainerItemProxy */ = {
			isa = PBXContainerItemProxy;
			containerPortal = BCEE4D1B2FB8E1850055C5D0 /* Project object */;
			proxyType = 1;
			remoteGlobalIDString = BCEE4D222FB8E1850055C5D0;
			remoteInfo = Selfiegram;
		};
		BCEE4D442FB8E1850055C5D0 /* PBXContainerItemProxy */ = {
			isa = PBXContainerItemProxy;
			containerPortal = BCEE4D1B2FB8E1850055C5D0 /* Project object */;
			proxyType = 1;
			remoteGlobalIDString = BCEE4D222FB8E1850055C5D0;
			remoteInfo = Selfiegram;
		};
/* End PBXContainerItemProxy section */

/* Begin PBXFileReference section */
		BCB7BB472FBC788A00E292C1 /* Lobster_1.3.otf */ = {isa = PBXFileReference; lastKnownFileType = file; path = Lobster_1.3.otf; sourceTree = "<group>"; };
		BCB7BB482FBC788A00E292C1 /* Quicksand-Bold.otf */ = {isa = PBXFileReference; lastKnownFileType = file; path = "Quicksand-Bold.otf"; sourceTree = "<group>"; };
		BCB7BB492FBC788A00E292C1 /* Quicksand-Regular.otf */ = {isa = PBXFileReference; lastKnownFileType = file; path = "Quicksand-Regular.otf"; sourceTree = "<group>"; };
		BCEE4D232FB8E1850055C5D0 /* Selfiegram.app */ = {isa = PBXFileReference; explicitFileType = wrapper.application; includeInIndex = 0; path = Selfiegram.app; sourceTree = BUILT_PRODUCTS_DIR; };
		BCEE4D392FB8E1850055C5D0 /* SelfiegramTests.xctest */ = {isa = PBXFileReference; explicitFileType = wrapper.cfbundle; includeInIndex = 0; path = SelfiegramTests.xctest; sourceTree = BUILT_PRODUCTS_DIR; };
		BCEE4D432FB8E1850055C5D0 /* SelfiegramUITests.xctest */ = {isa = PBXFileReference; explicitFileType = wrapper.cfbundle; includeInIndex = 0; path = SelfiegramUITests.xctest; sourceTree = BUILT_PRODUCTS_DIR; };
/* End PBXFileReference section */

/* Begin PBXFileSystemSynchronizedBuildFileExceptionSet section */
		BCEE4D4B2FB8E1850055C5D0 /* Exceptions for "Selfiegram" folder in "Selfiegram" target */ = {
			isa = PBXFileSystemSynchronizedBuildFileExceptionSet;
			membershipExceptions = (
				Info.plist,
			);
			target = BCEE4D222FB8E1850055C5D0 /* Selfiegram */;
		};
/* End PBXFileSystemSynchronizedBuildFileExceptionSet section */

/* Begin PBXFileSystemSynchronizedRootGroup section */
		BCEE4D252FB8E1850055C5D0 /* Selfiegram */ = {
			isa = PBXFileSystemSynchronizedRootGroup;
			exceptions = (
				BCEE4D4B2FB8E1850055C5D0 /* Exceptions for "Selfiegram" folder in "Selfiegram" target */,
			);
			path = Selfiegram;
			sourceTree = "<group>";
		};
		BCEE4D3C2FB8E1850055C5D0 /* SelfiegramTests */ = {
			isa = PBXFileSystemSynchronizedRootGroup;
			path = SelfiegramTests;
			sourceTree = "<group>";
		};
		BCEE4D462FB8E1850055C5D0 /* SelfiegramUITests */ = {
			isa = PBXFileSystemSynchronizedRootGroup;
			path = SelfiegramUITests;
			sourceTree = "<group>";
		};
/* End PBXFileSystemSynchronizedRootGroup section */

/* Begin PBXFrameworksBuildPhase section */
		BCEE4D202FB8E1850055C5D0 /* Frameworks */ = {
			isa = PBXFrameworksBuildPhase;
			buildActionMask = 2147483647;
			files = (
			);
			runOnlyForDeploymentPostprocessing = 0;
		};
		BCEE4D362FB8E1850055C5D0 /* Frameworks */ = {
			isa = PBXFrameworksBuildPhase;
			buildActionMask = 2147483647;
			files = (
			);
			runOnlyForDeploymentPostprocessing = 0;
		};
		BCEE4D402FB8E1850055C5D0 /* Frameworks */ = {
			isa = PBXFrameworksBuildPhase;
			buildActionMask = 2147483647;
			files = (
			);
			runOnlyForDeploymentPostprocessing = 0;
		};
/* End PBXFrameworksBuildPhase section */

/* Begin PBXGroup section */
		BCB7BB462FBC6B8C00E292C1 /* Fonts */ = {
			isa = PBXGroup;
			children = (
				BCB7BB472FBC788A00E292C1 /* Lobster_1.3.otf */,
				BCB7BB482FBC788A00E292C1 /* Quicksand-Bold.otf */,
				BCB7BB492FBC788A00E292C1 /* Quicksand-Regular.otf */,
			);
			path = Fonts;
			sourceTree = "<group>";
		};
		BCEE4D1A2FB8E1850055C5D0 = {
			isa = PBXGroup;
			children = (
				BCB7BB462FBC6B8C00E292C1 /* Fonts */,
				BCEE4D252FB8E1850055C5D0 /* Selfiegram */,
				BCEE4D3C2FB8E1850055C5D0 /* SelfiegramTests */,
				BCEE4D462FB8E1850055C5D0 /* SelfiegramUITests */,
				BCEE4D242FB8E1850055C5D0 /* Products */,
			);
			sourceTree = "<group>";
		};
		BCEE4D242FB8E1850055C5D0 /* Products */ = {
			isa = PBXGroup;
			children = (
				BCEE4D232FB8E1850055C5D0 /* Selfiegram.app */,
				BCEE4D392FB8E1850055C5D0 /* SelfiegramTests.xctest */,
				BCEE4D432FB8E1850055C5D0 /* SelfiegramUITests.xctest */,
			);
			name = Products;
			sourceTree = "<group>";
		};
/* End PBXGroup section */

/* Begin PBXNativeTarget section */
		BCEE4D222FB8E1850055C5D0 /* Selfiegram */ = {
			isa = PBXNativeTarget;
			buildConfigurationList = BCEE4D4C2FB8E1850055C5D0 /* Build configuration list for PBXNativeTarget "Selfiegram" */;
			buildPhases = (
				BCEE4D1F2FB8E1850055C5D0 /* Sources */,
				BCEE4D202FB8E1850055C5D0 /* Frameworks */,
				BCEE4D212FB8E1850055C5D0 /* Resources */,
			);
			buildRules = (
			);
			dependencies = (
			);
			fileSystemSynchronizedGroups = (
				BCEE4D252FB8E1850055C5D0 /* Selfiegram */,
			);
			name = Selfiegram;
			packageProductDependencies = (
			);
			productName = Selfiegram;
			productReference = BCEE4D232FB8E1850055C5D0 /* Selfiegram.app */;
			productType = "com.apple.product-type.application";
		};
		BCEE4D382FB8E1850055C5D0 /* SelfiegramTests */ = {
			isa = PBXNativeTarget;
			buildConfigurationList = BCEE4D512FB8E1850055C5D0 /* Build configuration list for PBXNativeTarget "SelfiegramTests" */;
			buildPhases = (
				BCEE4D352FB8E1850055C5D0 /* Sources */,
				BCEE4D362FB8E1850055C5D0 /* Frameworks */,
				BCEE4D372FB8E1850055C5D0 /* Resources */,
			);
			buildRules = (
			);
			dependencies = (
				BCEE4D3B2FB8E1850055C5D0 /* PBXTargetDependency */,
			);
			fileSystemSynchronizedGroups = (
				BCEE4D3C2FB8E1850055C5D0 /* SelfiegramTests */,
			);
			name = SelfiegramTests;
			packageProductDependencies = (
			);
			productName = SelfiegramTests;
			productReference = BCEE4D392FB8E1850055C5D0 /* SelfiegramTests.xctest */;
			productType = "com.apple.product-type.bundle.unit-test";
		};
		BCEE4D422FB8E1850055C5D0 /* SelfiegramUITests */ = {
			isa = PBXNativeTarget;
			buildConfigurationList = BCEE4D542FB8E1850055C5D0 /* Build configuration list for PBXNativeTarget "SelfiegramUITests" */;
			buildPhases = (
				BCEE4D3F2FB8E1850055C5D0 /* Sources */,
				BCEE4D402FB8E1850055C5D0 /* Frameworks */,
				BCEE4D412FB8E1850055C5D0 /* Resources */,
			);
			buildRules = (
			);
			dependencies = (
				BCEE4D452FB8E1850055C5D0 /* PBXTargetDependency */,
			);
			fileSystemSynchronizedGroups = (
				BCEE4D462FB8E1850055C5D0 /* SelfiegramUITests */,
			);
			name = SelfiegramUITests;
			packageProductDependencies = (
			);
			productName = SelfiegramUITests;
			productReference = BCEE4D432FB8E1850055C5D0 /* SelfiegramUITests.xctest */;
			productType = "com.apple.product-type.bundle.ui-testing";
		};
/* End PBXNativeTarget section */

/* Begin PBXProject section */
		BCEE4D1B2FB8E1850055C5D0 /* Project object */ = {
			isa = PBXProject;
			attributes = {
				BuildIndependentTargetsInParallel = 1;
				LastSwiftUpdateCheck = 2650;
				LastUpgradeCheck = 2650;
				TargetAttributes = {
					BCEE4D222FB8E1850055C5D0 = {
						CreatedOnToolsVersion = 26.5;
					};
					BCEE4D382FB8E1850055C5D0 = {
						CreatedOnToolsVersion = 26.5;
						TestTargetID = BCEE4D222FB8E1850055C5D0;
					};
					BCEE4D422FB8E1850055C5D0 = {
						CreatedOnToolsVersion = 26.5;
						TestTargetID = BCEE4D222FB8E1850055C5D0;
					};
				};
			};
			buildConfigurationList = BCEE4D1E2FB8E1850055C5D0 /* Build configuration list for PBXProject "Selfiegram" */;
			developmentRegion = en;
			hasScannedForEncodings = 0;
			knownRegions = (
				en,
				Base,
				fr,
			);
			mainGroup = BCEE4D1A2FB8E1850055C5D0;
			minimizedProjectReferenceProxies = 1;
			preferredProjectObjectVersion = 77;
			productRefGroup = BCEE4D242FB8E1850055C5D0 /* Products */;
			projectDirPath = "";
			projectRoot = "";
			targets = (
				BCEE4D222FB8E1850055C5D0 /* Selfiegram */,
				BCEE4D382FB8E1850055C5D0 /* SelfiegramTests */,
				BCEE4D422FB8E1850055C5D0 /* SelfiegramUITests */,
			);
		};
/* End PBXProject section */

/* Begin PBXResourcesBuildPhase section */
		BCEE4D212FB8E1850055C5D0 /* Resources */ = {
			isa = PBXResourcesBuildPhase;
			buildActionMask = 2147483647;
			files = (
				BCB7BB4A2FBC788A00E292C1 /* Lobster_1.3.otf in Resources */,
				BCB7BB4B2FBC788A00E292C1 /* Quicksand-Bold.otf in Resources */,
				BCB7BB4C2FBC788A00E292C1 /* Quicksand-Regular.otf in Resources */,
			);
			runOnlyForDeploymentPostprocessing = 0;
		};
		BCEE4D372FB8E1850055C5D0 /* Resources */ = {
			isa = PBXResourcesBuildPhase;
			buildActionMask = 2147483647;
			files = (
			);
			runOnlyForDeploymentPostprocessing = 0;
		};
		BCEE4D412FB8E1850055C5D0 /* Resources */ = {
			isa = PBXResourcesBuildPhase;
			buildActionMask = 2147483647;
			files = (
			);
			runOnlyForDeploymentPostprocessing = 0;
		};
/* End PBXResourcesBuildPhase section */

/* Begin PBXSourcesBuildPhase section */
		BCEE4D1F2FB8E1850055C5D0 /* Sources */ = {
			isa = PBXSourcesBuildPhase;
			buildActionMask = 2147483647;
			files = (
			);
			runOnlyForDeploymentPostprocessing = 0;
		};
		BCEE4D352FB8E1850055C5D0 /* Sources */ = {
			isa = PBXSourcesBuildPhase;
			buildActionMask = 2147483647;
			files = (
			);
			runOnlyForDeploymentPostprocessing = 0;
		};
		BCEE4D3F2FB8E1850055C5D0 /* Sources */ = {
			isa = PBXSourcesBuildPhase;
			buildActionMask = 2147483647;
			files = (
			);
			runOnlyForDeploymentPostprocessing = 0;
		};
/* End PBXSourcesBuildPhase section */

/* Begin PBXTargetDependency section */
		BCEE4D3B2FB8E1850055C5D0 /* PBXTargetDependency */ = {
			isa = PBXTargetDependency;
			target = BCEE4D222FB8E1850055C5D0 /* Selfiegram */;
			targetProxy = BCEE4D3A2FB8E1850055C5D0 /* PBXContainerItemProxy */;
		};
		BCEE4D452FB8E1850055C5D0 /* PBXTargetDependency */ = {
			isa = PBXTargetDependency;
			target = BCEE4D222FB8E1850055C5D0 /* Selfiegram */;
			targetProxy = BCEE4D442FB8E1850055C5D0 /* PBXContainerItemProxy */;
		};
/* End PBXTargetDependency section */

/* Begin XCBuildConfiguration section */
		BCEE4D4D2FB8E1850055C5D0 /* Debug */ = {
			isa = XCBuildConfiguration;
			buildSettings = {
				ASSETCATALOG_COMPILER_APPICON_NAME = AppIcon;
				ASSETCATALOG_COMPILER_GLOBAL_ACCENT_COLOR_NAME = AccentColor;
				CODE_SIGN_IDENTITY = "Apple Development";
				CODE_SIGN_STYLE = Manual;
				CURRENT_PROJECT_VERSION = 1;
				DEVELOPMENT_TEAM = "";
				GENERATE_INFOPLIST_FILE = YES;
				INFOPLIST_FILE = Selfiegram/Info.plist;
				INFOPLIST_KEY_UIApplicationSupportsIndirectInputEvents = YES;
				INFOPLIST_KEY_UILaunchStoryboardName = LaunchScreen;
				INFOPLIST_KEY_UIMainStoryboardFile = Main;
				INFOPLIST_KEY_UISupportedInterfaceOrientations_iPad = "UIInterfaceOrientationPortrait UIInterfaceOrientationPortraitUpsideDown UIInterfaceOrientationLandscapeLeft UIInterfaceOrientationLandscapeRight";
				INFOPLIST_KEY_UISupportedInterfaceOrientations_iPhone = "UIInterfaceOrientationPortrait UIInterfaceOrientationLandscapeLeft UIInterfaceOrientationLandscapeRight";
				IPHONEOS_DEPLOYMENT_TARGET = 17.6;
				LD_RUNPATH_SEARCH_PATHS = (
					"$(inherited)",
					"@executable_path/Frameworks",
				);
				MARKETING_VERSION = 1.0;
				PRODUCT_BUNDLE_IDENTIFIER = xyz.mintek.Selfiegram;
				PRODUCT_NAME = "$(TARGET_NAME)";
				PROVISIONING_PROFILE_SPECIFIER = "";
				STRING_CATALOG_GENERATE_SYMBOLS = YES;
				SWIFT_APPROACHABLE_CONCURRENCY = YES;
				SWIFT_DEFAULT_ACTOR_ISOLATION = MainActor;
				SWIFT_EMIT_LOC_STRINGS = YES;
				SWIFT_UPCOMING_FEATURE_MEMBER_IMPORT_VISIBILITY = YES;
				SWIFT_VERSION = 5.0;
				TARGETED_DEVICE_FAMILY = "1,2";
			};
			name = Debug;
		};
		BCEE4D4E2FB8E1850055C5D0 /* Release */ = {
			isa = XCBuildConfiguration;
			buildSettings = {
				ASSETCATALOG_COMPILER_APPICON_NAME = AppIcon;
				ASSETCATALOG_COMPILER_GLOBAL_ACCENT_COLOR_NAME = AccentColor;
				CODE_SIGN_IDENTITY = "Apple Development";
				CODE_SIGN_STYLE = Manual;
				CURRENT_PROJECT_VERSION = 1;
				DEVELOPMENT_TEAM = "";
				GENERATE_INFOPLIST_FILE = YES;
				INFOPLIST_FILE = Selfiegram/Info.plist;
				INFOPLIST_KEY_UIApplicationSupportsIndirectInputEvents = YES;
				INFOPLIST_KEY_UILaunchStoryboardName = LaunchScreen;
				INFOPLIST_KEY_UIMainStoryboardFile = Main;
				INFOPLIST_KEY_UISupportedInterfaceOrientations_iPad = "UIInterfaceOrientationPortrait UIInterfaceOrientationPortraitUpsideDown UIInterfaceOrientationLandscapeLeft UIInterfaceOrientationLandscapeRight";
				INFOPLIST_KEY_UISupportedInterfaceOrientations_iPhone = "UIInterfaceOrientationPortrait UIInterfaceOrientationLandscapeLeft UIInterfaceOrientationLandscapeRight";
				IPHONEOS_DEPLOYMENT_TARGET = 17.6;
				LD_RUNPATH_SEARCH_PATHS = (
					"$(inherited)",
					"@executable_path/Frameworks",
				);
				MARKETING_VERSION = 1.0;
				PRODUCT_BUNDLE_IDENTIFIER = xyz.mintek.Selfiegram;
				PRODUCT_NAME = "$(TARGET_NAME)";
				PROVISIONING_PROFILE_SPECIFIER = "";
				STRING_CATALOG_GENERATE_SYMBOLS = YES;
				SWIFT_APPROACHABLE_CONCURRENCY = YES;
				SWIFT_DEFAULT_ACTOR_ISOLATION = MainActor;
				SWIFT_EMIT_LOC_STRINGS = YES;
				SWIFT_UPCOMING_FEATURE_MEMBER_IMPORT_VISIBILITY = YES;
				SWIFT_VERSION = 5.0;
				TARGETED_DEVICE_FAMILY = "1,2";
			};
			name = Release;
		};
		BCEE4D4F2FB8E1850055C5D0 /* Debug */ = {
			isa = XCBuildConfiguration;
			buildSettings = {
				ALWAYS_SEARCH_USER_PATHS = NO;
				ASSETCATALOG_COMPILER_GENERATE_SWIFT_ASSET_SYMBOL_EXTENSIONS = YES;
				CLANG_ANALYZER_LOCALIZABILITY_NONLOCALIZED = YES;
				CLANG_ANALYZER_NONNULL = YES;
				CLANG_ANALYZER_NUMBER_OBJECT_CONVERSION = YES_AGGRESSIVE;
				CLANG_CXX_LANGUAGE_STANDARD = "gnu++20";
				CLANG_ENABLE_MODULES = YES;
				CLANG_ENABLE_OBJC_ARC = YES;
				CLANG_ENABLE_OBJC_WEAK = YES;
				CLANG_WARN_BLOCK_CAPTURE_AUTORELEASING = YES;
				CLANG_WARN_BOOL_CONVERSION = YES;
				CLANG_WARN_COMMA = YES;
				CLANG_WARN_CONSTANT_CONVERSION = YES;
				CLANG_WARN_DEPRECATED_OBJC_IMPLEMENTATIONS = YES;
				CLANG_WARN_DIRECT_OBJC_ISA_USAGE = YES_ERROR;
				CLANG_WARN_DOCUMENTATION_COMMENTS = YES;
				CLANG_WARN_EMPTY_BODY = YES;
				CLANG_WARN_ENUM_CONVERSION = YES;
				CLANG_WARN_INFINITE_RECURSION = YES;
				CLANG_WARN_INT_CONVERSION = YES;
				CLANG_WARN_NON_LITERAL_NULL_CONVERSION = YES;
				CLANG_WARN_OBJC_IMPLICIT_RETAIN_SELF = YES;
				CLANG_WARN_OBJC_LITERAL_CONVERSION = YES;
				CLANG_WARN_OBJC_ROOT_CLASS = YES_ERROR;
				CLANG_WARN_QUOTED_INCLUDE_IN_FRAMEWORK_HEADER = YES;
				CLANG_WARN_RANGE_LOOP_ANALYSIS = YES;
				CLANG_WARN_STRICT_PROTOTYPES = YES;
				CLANG_WARN_SUSPICIOUS_MOVE = YES;
				CLANG_WARN_UNGUARDED_AVAILABILITY = YES_AGGRESSIVE;
				CLANG_WARN_UNREACHABLE_CODE = YES;
				CLANG_WARN__DUPLICATE_METHOD_MATCH = YES;
				COPY_PHASE_STRIP = NO;
				DEBUG_INFORMATION_FORMAT = dwarf;
				DEVELOPMENT_TEAM = 3HSH3DQ78W;
				ENABLE_STRICT_OBJC_MSGSEND = YES;
				ENABLE_TESTABILITY = YES;
				ENABLE_USER_SCRIPT_SANDBOXING = YES;
				GCC_C_LANGUAGE_STANDARD = gnu17;
				GCC_DYNAMIC_NO_PIC = NO;
				GCC_NO_COMMON_BLOCKS = YES;
				GCC_OPTIMIZATION_LEVEL = 0;
				GCC_PREPROCESSOR_DEFINITIONS = (
					"DEBUG=1",
					"$(inherited)",
				);
				GCC_WARN_64_TO_32_BIT_CONVERSION = YES;
				GCC_WARN_ABOUT_RETURN_TYPE = YES_ERROR;
				GCC_WARN_UNDECLARED_SELECTOR = YES;
				GCC_WARN_UNINITIALIZED_AUTOS = YES_AGGRESSIVE;
				GCC_WARN_UNUSED_FUNCTION = YES;
				GCC_WARN_UNUSED_VARIABLE = YES;
				IPHONEOS_DEPLOYMENT_TARGET = 26.5;
				LOCALIZATION_PREFERS_STRING_CATALOGS = YES;
				MTL_ENABLE_DEBUG_INFO = INCLUDE_SOURCE;
				MTL_FAST_MATH = YES;
				ONLY_ACTIVE_ARCH = YES;
				SDKROOT = iphoneos;
				SWIFT_ACTIVE_COMPILATION_CONDITIONS = "DEBUG $(inherited)";
				SWIFT_OPTIMIZATION_LEVEL = "-Onone";
			};
			name = Debug;
		};
		BCEE4D502FB8E1850055C5D0 /* Release */ = {
			isa = XCBuildConfiguration;
			buildSettings = {
				ALWAYS_SEARCH_USER_PATHS = NO;
				ASSETCATALOG_COMPILER_GENERATE_SWIFT_ASSET_SYMBOL_EXTENSIONS = YES;
				CLANG_ANALYZER_LOCALIZABILITY_NONLOCALIZED = YES;
				CLANG_ANALYZER_NONNULL = YES;
				CLANG_ANALYZER_NUMBER_OBJECT_CONVERSION = YES_AGGRESSIVE;
				CLANG_CXX_LANGUAGE_STANDARD = "gnu++20";
				CLANG_ENABLE_MODULES = YES;
				CLANG_ENABLE_OBJC_ARC = YES;
				CLANG_ENABLE_OBJC_WEAK = YES;
				CLANG_WARN_BLOCK_CAPTURE_AUTORELEASING = YES;
				CLANG_WARN_BOOL_CONVERSION = YES;
				CLANG_WARN_COMMA = YES;
				CLANG_WARN_CONSTANT_CONVERSION = YES;
				CLANG_WARN_DEPRECATED_OBJC_IMPLEMENTATIONS = YES;
				CLANG_WARN_DIRECT_OBJC_ISA_USAGE = YES_ERROR;
				CLANG_WARN_DOCUMENTATION_COMMENTS = YES;
				CLANG_WARN_EMPTY_BODY = YES;
				CLANG_WARN_ENUM_CONVERSION = YES;
				CLANG_WARN_INFINITE_RECURSION = YES;
				CLANG_WARN_INT_CONVERSION = YES;
				CLANG_WARN_NON_LITERAL_NULL_CONVERSION = YES;
				CLANG_WARN_OBJC_IMPLICIT_RETAIN_SELF = YES;
				CLANG_WARN_OBJC_LITERAL_CONVERSION = YES;
				CLANG_WARN_OBJC_ROOT_CLASS = YES_ERROR;
				CLANG_WARN_QUOTED_INCLUDE_IN_FRAMEWORK_HEADER = YES;
				CLANG_WARN_RANGE_LOOP_ANALYSIS = YES;
				CLANG_WARN_STRICT_PROTOTYPES = YES;
				CLANG_WARN_SUSPICIOUS_MOVE = YES;
				CLANG_WARN_UNGUARDED_AVAILABILITY = YES_AGGRESSIVE;
				CLANG_WARN_UNREACHABLE_CODE = YES;
				CLANG_WARN__DUPLICATE_METHOD_MATCH = YES;
				COPY_PHASE_STRIP = NO;
				DEBUG_INFORMATION_FORMAT = "dwarf-with-dsym";
				DEVELOPMENT_TEAM = 3HSH3DQ78W;
				ENABLE_NS_ASSERTIONS = NO;
				ENABLE_STRICT_OBJC_MSGSEND = YES;
				ENABLE_USER_SCRIPT_SANDBOXING = YES;
				GCC_C_LANGUAGE_STANDARD = gnu17;
				GCC_NO_COMMON_BLOCKS = YES;
				GCC_WARN_64_TO_32_BIT_CONVERSION = YES;
				GCC_WARN_ABOUT_RETURN_TYPE = YES_ERROR;
				GCC_WARN_UNDECLARED_SELECTOR = YES;
				GCC_WARN_UNINITIALIZED_AUTOS = YES_AGGRESSIVE;
				GCC_WARN_UNUSED_FUNCTION = YES;
				GCC_WARN_UNUSED_VARIABLE = YES;
				IPHONEOS_DEPLOYMENT_TARGET = 26.5;
				LOCALIZATION_PREFERS_STRING_CATALOGS = YES;
				MTL_ENABLE_DEBUG_INFO = NO;
				MTL_FAST_MATH = YES;
				SDKROOT = iphoneos;
				SWIFT_COMPILATION_MODE = wholemodule;
				VALIDATE_PRODUCT = YES;
			};
			name = Release;
		};
		BCEE4D522FB8E1850055C5D0 /* Debug */ = {
			isa = XCBuildConfiguration;
			buildSettings = {
				BUNDLE_LOADER = "$(TEST_HOST)";
				CODE_SIGN_STYLE = Automatic;
				CURRENT_PROJECT_VERSION = 1;
				DEVELOPMENT_TEAM = 3HSH3DQ78W;
				GENERATE_INFOPLIST_FILE = YES;
				IPHONEOS_DEPLOYMENT_TARGET = 26.5;
				MARKETING_VERSION = 1.0;
				PRODUCT_BUNDLE_IDENTIFIER = xyz.mintek.SelfiegramTests;
				PRODUCT_NAME = "$(TARGET_NAME)";
				STRING_CATALOG_GENERATE_SYMBOLS = NO;
				SWIFT_APPROACHABLE_CONCURRENCY = YES;
				SWIFT_EMIT_LOC_STRINGS = NO;
				SWIFT_UPCOMING_FEATURE_MEMBER_IMPORT_VISIBILITY = YES;
				SWIFT_VERSION = 5.0;
				TARGETED_DEVICE_FAMILY = "1,2";
				TEST_HOST = "$(BUILT_PRODUCTS_DIR)/Selfiegram.app/$(BUNDLE_EXECUTABLE_FOLDER_PATH)/Selfiegram";
			};
			name = Debug;
		};
		BCEE4D532FB8E1850055C5D0 /* Release */ = {
			isa = XCBuildConfiguration;
			buildSettings = {
				BUNDLE_LOADER = "$(TEST_HOST)";
				CODE_SIGN_STYLE = Automatic;
				CURRENT_PROJECT_VERSION = 1;
				DEVELOPMENT_TEAM = 3HSH3DQ78W;
				GENERATE_INFOPLIST_FILE = YES;
				IPHONEOS_DEPLOYMENT_TARGET = 26.5;
				MARKETING_VERSION = 1.0;
				PRODUCT_BUNDLE_IDENTIFIER = xyz.mintek.SelfiegramTests;
				PRODUCT_NAME = "$(TARGET_NAME)";
				STRING_CATALOG_GENERATE_SYMBOLS = NO;
				SWIFT_APPROACHABLE_CONCURRENCY = YES;
				SWIFT_EMIT_LOC_STRINGS = NO;
				SWIFT_UPCOMING_FEATURE_MEMBER_IMPORT_VISIBILITY = YES;
				SWIFT_VERSION = 5.0;
				TARGETED_DEVICE_FAMILY = "1,2";
				TEST_HOST = "$(BUILT_PRODUCTS_DIR)/Selfiegram.app/$(BUNDLE_EXECUTABLE_FOLDER_PATH)/Selfiegram";
			};
			name = Release;
		};
		BCEE4D552FB8E1850055C5D0 /* Debug */ = {
			isa = XCBuildConfiguration;
			buildSettings = {
				CODE_SIGN_STYLE = Automatic;
				CURRENT_PROJECT_VERSION = 1;
				DEVELOPMENT_TEAM = 3HSH3DQ78W;
				GENERATE_INFOPLIST_FILE = YES;
				MARKETING_VERSION = 1.0;
				PRODUCT_BUNDLE_IDENTIFIER = xyz.mintek.SelfiegramUITests;
				PRODUCT_NAME = "$(TARGET_NAME)";
				STRING_CATALOG_GENERATE_SYMBOLS = NO;
				SWIFT_APPROACHABLE_CONCURRENCY = YES;
				SWIFT_EMIT_LOC_STRINGS = NO;
				SWIFT_UPCOMING_FEATURE_MEMBER_IMPORT_VISIBILITY = YES;
				SWIFT_VERSION = 5.0;
				TARGETED_DEVICE_FAMILY = "1,2";
				TEST_TARGET_NAME = Selfiegram;
			};
			name = Debug;
		};
		BCEE4D562FB8E1850055C5D0 /* Release */ = {
			isa = XCBuildConfiguration;
			buildSettings = {
				CODE_SIGN_STYLE = Automatic;
				CURRENT_PROJECT_VERSION = 1;
				DEVELOPMENT_TEAM = 3HSH3DQ78W;
				GENERATE_INFOPLIST_FILE = YES;
				MARKETING_VERSION = 1.0;
				PRODUCT_BUNDLE_IDENTIFIER = xyz.mintek.SelfiegramUITests;
				PRODUCT_NAME = "$(TARGET_NAME)";
				STRING_CATALOG_GENERATE_SYMBOLS = NO;
				SWIFT_APPROACHABLE_CONCURRENCY = YES;
				SWIFT_EMIT_LOC_STRINGS = NO;
				SWIFT_UPCOMING_FEATURE_MEMBER_IMPORT_VISIBILITY = YES;
				SWIFT_VERSION = 5.0;
				TARGETED_DEVICE_FAMILY = "1,2";
				TEST_TARGET_NAME = Selfiegram;
			};
			name = Release;
		};
/* End XCBuildConfiguration section */

/* Begin XCConfigurationList section */
		BCEE4D1E2FB8E1850055C5D0 /* Build configuration list for PBXProject "Selfiegram" */ = {
			isa = XCConfigurationList;
			buildConfigurations = (
				BCEE4D4F2FB8E1850055C5D0 /* Debug */,
				BCEE4D502FB8E1850055C5D0 /* Release */,
			);
			defaultConfigurationIsVisible = 0;
			defaultConfigurationName = Release;
		};
		BCEE4D4C2FB8E1850055C5D0 /* Build configuration list for PBXNativeTarget "Selfiegram" */ = {
			isa = XCConfigurationList;
			buildConfigurations = (
				BCEE4D4D2FB8E1850055C5D0 /* Debug */,
				BCEE4D4E2FB8E1850055C5D0 /* Release */,
			);
			defaultConfigurationIsVisible = 0;
			defaultConfigurationName = Release;
		};
		BCEE4D512FB8E1850055C5D0 /* Build configuration list for PBXNativeTarget "SelfiegramTests" */ = {
			isa = XCConfigurationList;
			buildConfigurations = (
				BCEE4D522FB8E1850055C5D0 /* Debug */,
				BCEE4D532FB8E1850055C5D0 /* Release */,
			);
			defaultConfigurationIsVisible = 0;
			defaultConfigurationName = Release;
		};
		BCEE4D542FB8E1850055C5D0 /* Build configuration list for PBXNativeTarget "SelfiegramUITests" */ = {
			isa = XCConfigurationList;
			buildConfigurations = (
				BCEE4D552FB8E1850055C5D0 /* Debug */,
				BCEE4D562FB8E1850055C5D0 /* Release */,
			);
			defaultConfigurationIsVisible = 0;
			defaultConfigurationName = Release;
		};
/* End XCConfigurationList section */
	};
	rootObject = BCEE4D1B2FB8E1850055C5D0 /* Project object */;
}
